
Microsoft Visual Studio Solution File, Format Version 12.00
# Visual Studio Version 17
VisualStudioVersion = 17.7.34031.279
MinimumVisualStudioVersion = 10.0.40219.1
Project("{FAE04EC0-301F-11D3-BF4B-00C04F79EFBC}") = "ATBM_Project", "ATBM_Project\ATBM_Project.csproj", "{3CED1D8B-3522-4719-A5B6-28E2BA680841}"
EndProject
Global
	GlobalSection(SolutionConfigurationPlatforms) = preSolution
		Debug|Any CPU = Debug|Any CPU
		Release|Any CPU = Release|Any CPU
	EndGlobalSection
	GlobalSection(ProjectConfigurationPlatforms) = postSolution
		{3CED1D8B-3522-4719-A5B6-28E2BA680841}.Debug|Any CPU.ActiveCfg = Debug|Any CPU
		{3CED1D8B-3522-4719-A5B6-28E2BA680841}.Debug|Any CPU.Build.0 = Debug|Any CPU
		{3CED1D8B-3522-4719-A5B6-28E2BA680841}.Release|Any CPU.ActiveCfg = Release|Any CPU
		{3CED1D8B-3522-4719-A5B6-28E2BA680841}.Release|Any CPU.Build.0 = Release|Any CPU
	EndGlobalSection
	GlobalSection(SolutionProperties) = preSolution
		HideSolutionNode = FALSE
	EndGlobalSection
	GlobalSection(ExtensibilityGlobals) = postSolution
		SolutionGuid = {16EAD0F9-E5E6-432C-8842-16BE1DA1DA0E}
	EndGlobalSection
EndGlobal
